
Microsoft Visual Studio Solution File, Format Version 12.00
# Visual Studio Version 16
VisualStudioVersion = 16.0.32106.194
MinimumVisualStudioVersion = 10.0.40219.1
Project("{9A19103F-16F7-4668-BE54-9A1E7A4F7556}") = "WebAPI", "WebAPI\WebAPI.csproj", "{2EE5B2D0-B8E2-46DC-A630-D2BC7D2F2158}"
EndProject
Global
	GlobalSection(SolutionConfigurationPlatforms) = preSolution
		Debug|Any CPU = Debug|Any CPU
		Release|Any CPU = Release|Any CPU
	EndGlobalSection
	GlobalSection(ProjectConfigurationPlatforms) = postSolution
		{2EE5B2D0-B8E2-46DC-A630-D2BC7D2F2158}.Debug|Any CPU.ActiveCfg = Debug|Any CPU
		{2EE5B2D0-B8E2-46DC-A630-D2BC7D2F2158}.Debug|Any CPU.Build.0 = Debug|Any CPU
		{2EE5B2D0-B8E2-46DC-A630-D2BC7D2F2158}.Release|Any CPU.ActiveCfg = Release|Any CPU
		{2EE5B2D0-B8E2-46DC-A630-D2BC7D2F2158}.Release|Any CPU.Build.0 = Release|Any CPU
	EndGlobalSection
	GlobalSection(SolutionProperties) = preSolution
		HideSolutionNode = FALSE
	EndGlobalSection
	GlobalSection(ExtensibilityGlobals) = postSolution
		SolutionGuid = {7B8CD1E1-A859-4BE7-8E3A-02DAA4330002}
	EndGlobalSection
EndGlobal
